github.com/go-gl/gl v0.0.0-20190320180904-bf2b1f2f34d7 h1:SCYMcCJ89LjRGwEa0tRluNRiMjZHalQZrVrvTbPh+qw=
github.com/go-gl/gl v0.0.0-20190320180904-bf2b1f2f34d7/go.mod h1:482civXOzJJCPzJ4ZOX/pwvXBWSnzD4OKMdH4ClKGbk=
github.com/go-gl/mathgl v0.0.0-20190416160123-c4601bc793c7 h1:THttjeRn1iiz69E875U6gAik8KTWk/JYAHoSVpUxBBI=
github.com/go-gl/mathgl v0.0.0-20190416160123-c4601bc793c7/go.mod h1:yhpkQzEiH9yPyxDUGzkmgScbaBVlhC06qodikEM0ZwQ=
github.com/gordonklaus/audio v0.0.0-20190505134705-0f2b219fb378 h1:kmHeQyE+j/Df1tmZu9dNXog7bjA4eZ+DpgoNXEBbMrM=
github.com/gordonklaus/audio v0.0.0-20190505134705-0f2b219fb378/go.mod h1:boXO/NE2SGqzdhhZnWvA4ZLT0GoG31qAWYN1lZv7W5o=
github.com/gordonklaus/portaudio v0.0.0-20180817120803-00e7307ccd93 h1:TSG+DyZBnazM22ZHyHLeUkzM34ClkJRjIWHTq4btvek=
github.com/gordonklaus/portaudio v0.0.0-20180817120803-00e7307ccd93/go.mod h1:HfYnZi/ARQKG0dwH5HNDmPCHdLiFiBf+SI7DbhW7et4=
github.com/gordonklaus/ui v0.0.0-20190609101006-a10fb68bef3f h1:u8OmrCoIDPnTbQG3kIT8ckL7/oP3kWNx5ykJHbFLgpE=
github.com/gordonklaus/ui v0.0.0-20190609101006-a10fb68bef3f/go.mod h1:2lbOHIUyTJ2ooKz7Qb3KJmiNQxrm2KW+TKQMI7iKjxE=
github.com/ktye/fft v0.0.0-20160109133121-5beb24bb6a43 h1:P/FC0vnk8mHtU+PrgHwsexh/FGJUpHSNZOMp2II7XZo=
github.com/ktye/fft v0.0.0-20160109133121-5beb24bb6a43/go.mod h1:NOC+5BizuazWsAS/Ge7DXbXTrYzmmDXGqypnTaeNGcc=
golang.org/x/image v0.0.0-20190321063152-3fc05d484e9f h1:FO4MZ3N56GnxbqxGKqh+YTzUWQ2sDwtFQEZgLOxh9Jc=
golang.org/x/image v0.0.0-20190321063152-3fc05d484e9f/go.mod h1:kZ7UVZpmo3dzQBMxlp+ypCbDeSB+sBbTgSJuh5dn5js=
golang.org/x/text v0.3.0/go.mod h1:NqM8EUOU14njkJ3fqMW+pc6Ldnwhi/IjpwHt7yyuwOQ=
